
Microsoft Visual Studio Solution File, Format Version 12.00
# Visual Studio Version 16
VisualStudioVersion = 16.0.31727.386
MinimumVisualStudioVersion = 10.0.40219.1
Project("{9A19103F-16F7-4668-BE54-9A1E7A4F7556}") = "SerialAssistant", "SerialAssistant\SerialAssistant.csproj", "{4E0848AD-6322-4D5B-93E0-00BF472D76AB}"
EndProject
Project("{54435603-DBB4-11D2-8724-00A0C9A8B90C}") = "串口助手2.0", "串口助手2.0\串口助手2.0.vdproj", "{2A9D1167-05EE-4560-982D-539D9E706A5D}"
EndProject
Global
	GlobalSection(SolutionConfigurationPlatforms) = preSolution
		Debug|Any CPU = Debug|Any CPU
		Release|Any CPU = Release|Any CPU
	EndGlobalSection
	GlobalSection(ProjectConfigurationPlatforms) = postSolution
		{4E0848AD-6322-4D5B-93E0-00BF472D76AB}.Debug|Any CPU.ActiveCfg = Debug|Any CPU
		{4E0848AD-6322-4D5B-93E0-00BF472D76AB}.Debug|Any CPU.Build.0 = Debug|Any CPU
		{4E0848AD-6322-4D5B-93E0-00BF472D76AB}.Release|Any CPU.ActiveCfg = Release|Any CPU
		{4E0848AD-6322-4D5B-93E0-00BF472D76AB}.Release|Any CPU.Build.0 = Release|Any CPU
		{2A9D1167-05EE-4560-982D-539D9E706A5D}.Debug|Any CPU.ActiveCfg = Debug
		{2A9D1167-05EE-4560-982D-539D9E706A5D}.Release|Any CPU.ActiveCfg = Release
	EndGlobalSection
	GlobalSection(SolutionProperties) = preSolution
		HideSolutionNode = FALSE
	EndGlobalSection
	GlobalSection(ExtensibilityGlobals) = postSolution
		SolutionGuid = {C3169C75-B246-494D-97E4-C619C1717468}
	EndGlobalSection
EndGlobal
